
Microsoft Visual Studio Solution File, Format Version 12.00
# Visual Studio Version 16
VisualStudioVersion = 16.0.29009.5
MinimumVisualStudioVersion = 10.0.40219.1
Project("{9A19103F-16F7-4668-BE54-9A1E7A4F7556}") = "LastStoneWeight", "LastStoneWeight\LastStoneWeight.csproj", "{6C5BC707-2E43-429D-9833-FFA9E6229A3E}"
EndProject
Project("{9A19103F-16F7-4668-BE54-9A1E7A4F7556}") = "Contacts", "Contacts\Contacts.csproj", "{EDECEB50-212A-4956-8B51-F1784F454116}"
EndProject
Project("{9A19103F-16F7-4668-BE54-9A1E7A4F7556}") = "LongestWord", "LongestWord\LongestWord.csproj", "{D9FDAEAC-5459-43ED-A815-CEFAF4B6DCFB}"
EndProject
Project("{9A19103F-16F7-4668-BE54-9A1E7A4F7556}") = "UniqueMorseCodeWords", "UniqueMorseCodeWords\UniqueMorseCodeWords.csproj", "{94839561-72B2-4242-8D28-173E0A0886E7}"
EndProject
Project("{9A19103F-16F7-4668-BE54-9A1E7A4F7556}") = "RemoveOuterParantheses", "RemoveOuterParantheses\RemoveOuterParantheses.csproj", "{88D7324B-48D5-452A-986E-DB3C6E5EE364}"
EndProject
Project("{9A19103F-16F7-4668-BE54-9A1E7A4F7556}") = "MiddleOfTheLinkedList", "MiddleOfTheLinkedList\MiddleOfTheLinkedList.csproj", "{B24AE0A5-D44D-4CF6-9239-3CF0AF45C5CD}"
EndProject
Project("{9A19103F-16F7-4668-BE54-9A1E7A4F7556}") = "ReverseLinkedList", "ReverseLinkedList\ReverseLinkedList.csproj", "{0F8E1243-9808-481B-9AD5-C1DBC09A8E08}"
EndProject
Project("{9A19103F-16F7-4668-BE54-9A1E7A4F7556}") = "MultiplyTwoIntegers", "MultiplyTwoIntegers\MultiplyTwoIntegers.csproj", "{800C2C90-B2D7-40D9-886D-823A040EC265}"
EndProject
Project("{FAE04EC0-301F-11D3-BF4B-00C04F79EFBC}") = "NumberOfWaysDecodeMessage", "NumberOfWaysDecodeMessage\NumberOfWaysDecodeMessage.csproj", "{F364497E-26F5-4076-A769-4D236C0B18A0}"
EndProject
Global
	GlobalSection(SolutionConfigurationPlatforms) = preSolution
		Debug|Any CPU = Debug|Any CPU
		Release|Any CPU = Release|Any CPU
	EndGlobalSection
	GlobalSection(ProjectConfigurationPlatforms) = postSolution
		{6C5BC707-2E43-429D-9833-FFA9E6229A3E}.Debug|Any CPU.ActiveCfg = Debug|Any CPU
		{6C5BC707-2E43-429D-9833-FFA9E6229A3E}.Debug|Any CPU.Build.0 = Debug|Any CPU
		{6C5BC707-2E43-429D-9833-FFA9E6229A3E}.Release|Any CPU.ActiveCfg = Release|Any CPU
		{6C5BC707-2E43-429D-9833-FFA9E6229A3E}.Release|Any CPU.Build.0 = Release|Any CPU
		{EDECEB50-212A-4956-8B51-F1784F454116}.Debug|Any CPU.ActiveCfg = Debug|Any CPU
		{EDECEB50-212A-4956-8B51-F1784F454116}.Debug|Any CPU.Build.0 = Debug|Any CPU
		{EDECEB50-212A-4956-8B51-F1784F454116}.Release|Any CPU.ActiveCfg = Release|Any CPU
		{EDECEB50-212A-4956-8B51-F1784F454116}.Release|Any CPU.Build.0 = Release|Any CPU
		{D9FDAEAC-5459-43ED-A815-CEFAF4B6DCFB}.Debug|Any CPU.ActiveCfg = Debug|Any CPU
		{D9FDAEAC-5459-43ED-A815-CEFAF4B6DCFB}.Debug|Any CPU.Build.0 = Debug|Any CPU
		{D9FDAEAC-5459-43ED-A815-CEFAF4B6DCFB}.Release|Any CPU.ActiveCfg = Release|Any CPU
		{D9FDAEAC-5459-43ED-A815-CEFAF4B6DCFB}.Release|Any CPU.Build.0 = Release|Any CPU
		{94839561-72B2-4242-8D28-173E0A0886E7}.Debug|Any CPU.ActiveCfg = Debug|Any CPU
		{94839561-72B2-4242-8D28-173E0A0886E7}.Debug|Any CPU.Build.0 = Debug|Any CPU
		{94839561-72B2-4242-8D28-173E0A0886E7}.Release|Any CPU.ActiveCfg = Release|Any CPU
		{94839561-72B2-4242-8D28-173E0A0886E7}.Release|Any CPU.Build.0 = Release|Any CPU
		{88D7324B-48D5-452A-986E-DB3C6E5EE364}.Debug|Any CPU.ActiveCfg = Debug|Any CPU
		{88D7324B-48D5-452A-986E-DB3C6E5EE364}.Debug|Any CPU.Build.0 = Debug|Any CPU
		{88D7324B-48D5-452A-986E-DB3C6E5EE364}.Release|Any CPU.ActiveCfg = Release|Any CPU
		{88D7324B-48D5-452A-986E-DB3C6E5EE364}.Release|Any CPU.Build.0 = Release|Any CPU
		{B24AE0A5-D44D-4CF6-9239-3CF0AF45C5CD}.Debug|Any CPU.ActiveCfg = Debug|Any CPU
		{B24AE0A5-D44D-4CF6-9239-3CF0AF45C5CD}.Debug|Any CPU.Build.0 = Debug|Any CPU
		{B24AE0A5-D44D-4CF6-9239-3CF0AF45C5CD}.Release|Any CPU.ActiveCfg = Release|Any CPU
		{B24AE0A5-D44D-4CF6-9239-3CF0AF45C5CD}.Release|Any CPU.Build.0 = Release|Any CPU
		{0F8E1243-9808-481B-9AD5-C1DBC09A8E08}.Debug|Any CPU.ActiveCfg = Debug|Any CPU
		{0F8E1243-9808-481B-9AD5-C1DBC09A8E08}.Debug|Any CPU.Build.0 = Debug|Any CPU
		{0F8E1243-9808-481B-9AD5-C1DBC09A8E08}.Release|Any CPU.ActiveCfg = Release|Any CPU
		{0F8E1243-9808-481B-9AD5-C1DBC09A8E08}.Release|Any CPU.Build.0 = Release|Any CPU
		{800C2C90-B2D7-40D9-886D-823A040EC265}.Debug|Any CPU.ActiveCfg = Debug|Any CPU
		{800C2C90-B2D7-40D9-886D-823A040EC265}.Debug|Any CPU.Build.0 = Debug|Any CPU
		{800C2C90-B2D7-40D9-886D-823A040EC265}.Release|Any CPU.ActiveCfg = Release|Any CPU
		{800C2C90-B2D7-40D9-886D-823A040EC265}.Release|Any CPU.Build.0 = Release|Any CPU
		{F364497E-26F5-4076-A769-4D236C0B18A0}.Debug|Any CPU.ActiveCfg = Debug|Any CPU
		{F364497E-26F5-4076-A769-4D236C0B18A0}.Debug|Any CPU.Build.0 = Debug|Any CPU
		{F364497E-26F5-4076-A769-4D236C0B18A0}.Release|Any CPU.ActiveCfg = Release|Any CPU
		{F364497E-26F5-4076-A769-4D236C0B18A0}.Release|Any CPU.Build.0 = Release|Any CPU
	EndGlobalSection
	GlobalSection(SolutionProperties) = preSolution
		HideSolutionNode = FALSE
	EndGlobalSection
	GlobalSection(ExtensibilityGlobals) = postSolution
		SolutionGuid = {5A1CA7E4-8772-41D2-99C2-73A20FB076A6}
	EndGlobalSection
EndGlobal
